
Microsoft Visual Studio Solution File, Format Version 12.00
# Visual Studio 15
VisualStudioVersion = 15.0.28010.2036
MinimumVisualStudioVersion = 10.0.40219.1
Project("{9A19103F-16F7-4668-BE54-9A1E7A4F7556}") = "Aspekt", "Aspekt\Aspekt.csproj", "{FD93096A-2A56-4DB9-889C-2E60419D8B85}"
EndProject
Project("{9A19103F-16F7-4668-BE54-9A1E7A4F7556}") = "Aspekt.Bootstrap", "Aspekt.Bootstrap\Aspekt.Bootstrap.csproj", "{C85A941D-1AC7-49B9-B30F-2A36716D2AB4}"
EndProject
Project("{9A19103F-16F7-4668-BE54-9A1E7A4F7556}") = "Aspekt.Bootstrap.Host", "Aspekt.Bootstrap.Host\Aspekt.Bootstrap.Host.csproj", "{72F01A7B-82EB-4EE3-BE38-89864E8246D4}"
EndProject
Project("{9A19103F-16F7-4668-BE54-9A1E7A4F7556}") = "Aspekt.Target", "Aspekt.Target\Aspekt.Target.csproj", "{3D82C1DA-DCAE-4CA0-A4F0-69CDFA5D40F2}"
EndProject
Project("{9A19103F-16F7-4668-BE54-9A1E7A4F7556}") = "Aspekt.Test", "Aspekt.Test\Aspekt.Test.csproj", "{0F7031A9-4C0E-4C31-8508-32CDE8C05524}"
EndProject
Project("{2150E333-8FDC-42A3-9474-1A3956D46DE8}") = "Solution Items", "Solution Items", "{5D8BA503-006A-4EA9-B322-215302007764}"
	ProjectSection(SolutionItems) = preProject
		.editorconfig = .editorconfig
		README.md = README.md
	EndProjectSection
EndProject
Project("{9A19103F-16F7-4668-BE54-9A1E7A4F7556}") = "Aspekt.Logging", "Aspekt.Logging\Aspekt.Logging.csproj", "{CF7B9122-471C-4981-BAE0-72C147E32666}"
EndProject
Project("{9A19103F-16F7-4668-BE54-9A1E7A4F7556}") = "Aspekt.Contracts", "Aspekt.Contracts\Aspekt.Contracts.csproj", "{3391154B-B919-40F3-BD06-743D00B3395D}"
EndProject
Project("{9A19103F-16F7-4668-BE54-9A1E7A4F7556}") = "Aspekt.Logging.Test", "Aspekt.Logging.Test\Aspekt.Logging.Test.csproj", "{C4AACDE6-B8BE-4BC5-BB67-7917F02F0B6F}"
EndProject
Project("{FAE04EC0-301F-11D3-BF4B-00C04F79EFBC}") = "Aspekt.Foundation.Test", "Aspekt.Foundation.Test\Aspekt.Foundation.Test.csproj", "{FD868722-056B-42BA-A7AB-7F3E2B61F827}"
EndProject
Project("{9A19103F-16F7-4668-BE54-9A1E7A4F7556}") = "Aspekt.Bootstrap.Test", "Aspekt.Bootstrap.Test\Aspekt.Bootstrap.Test.csproj", "{C42ADB9D-3748-43FA-911B-9207521ADD50}"
EndProject
Global
	GlobalSection(SolutionConfigurationPlatforms) = preSolution
		Debug|Any CPU = Debug|Any CPU
		Release|Any CPU = Release|Any CPU
	EndGlobalSection
	GlobalSection(ProjectConfigurationPlatforms) = postSolution
		{FD93096A-2A56-4DB9-889C-2E60419D8B85}.Debug|Any CPU.ActiveCfg = Debug|Any CPU
		{FD93096A-2A56-4DB9-889C-2E60419D8B85}.Debug|Any CPU.Build.0 = Debug|Any CPU
		{FD93096A-2A56-4DB9-889C-2E60419D8B85}.Release|Any CPU.ActiveCfg = Release|Any CPU
		{FD93096A-2A56-4DB9-889C-2E60419D8B85}.Release|Any CPU.Build.0 = Release|Any CPU
		{C85A941D-1AC7-49B9-B30F-2A36716D2AB4}.Debug|Any CPU.ActiveCfg = Debug|Any CPU
		{C85A941D-1AC7-49B9-B30F-2A36716D2AB4}.Debug|Any CPU.Build.0 = Debug|Any CPU
		{C85A941D-1AC7-49B9-B30F-2A36716D2AB4}.Release|Any CPU.ActiveCfg = Release|Any CPU
		{C85A941D-1AC7-49B9-B30F-2A36716D2AB4}.Release|Any CPU.Build.0 = Release|Any CPU
		{72F01A7B-82EB-4EE3-BE38-89864E8246D4}.Debug|Any CPU.ActiveCfg = Debug|Any CPU
		{72F01A7B-82EB-4EE3-BE38-89864E8246D4}.Debug|Any CPU.Build.0 = Debug|Any CPU
		{72F01A7B-82EB-4EE3-BE38-89864E8246D4}.Release|Any CPU.ActiveCfg = Release|Any CPU
		{72F01A7B-82EB-4EE3-BE38-89864E8246D4}.Release|Any CPU.Build.0 = Release|Any CPU
		{3D82C1DA-DCAE-4CA0-A4F0-69CDFA5D40F2}.Debug|Any CPU.ActiveCfg = Debug|Any CPU
		{3D82C1DA-DCAE-4CA0-A4F0-69CDFA5D40F2}.Debug|Any CPU.Build.0 = Debug|Any CPU
		{3D82C1DA-DCAE-4CA0-A4F0-69CDFA5D40F2}.Release|Any CPU.ActiveCfg = Release|Any CPU
		{3D82C1DA-DCAE-4CA0-A4F0-69CDFA5D40F2}.Release|Any CPU.Build.0 = Release|Any CPU
		{0F7031A9-4C0E-4C31-8508-32CDE8C05524}.Debug|Any CPU.ActiveCfg = Debug|Any CPU
		{0F7031A9-4C0E-4C31-8508-32CDE8C05524}.Debug|Any CPU.Build.0 = Debug|Any CPU
		{0F7031A9-4C0E-4C31-8508-32CDE8C05524}.Release|Any CPU.ActiveCfg = Release|Any CPU
		{0F7031A9-4C0E-4C31-8508-32CDE8C05524}.Release|Any CPU.Build.0 = Release|Any CPU
		{CF7B9122-471C-4981-BAE0-72C147E32666}.Debug|Any CPU.ActiveCfg = Debug|Any CPU
		{CF7B9122-471C-4981-BAE0-72C147E32666}.Debug|Any CPU.Build.0 = Debug|Any CPU
		{CF7B9122-471C-4981-BAE0-72C147E32666}.Release|Any CPU.ActiveCfg = Release|Any CPU
		{CF7B9122-471C-4981-BAE0-72C147E32666}.Release|Any CPU.Build.0 = Release|Any CPU
		{3391154B-B919-40F3-BD06-743D00B3395D}.Debug|Any CPU.ActiveCfg = Debug|Any CPU
		{3391154B-B919-40F3-BD06-743D00B3395D}.Debug|Any CPU.Build.0 = Debug|Any CPU
		{3391154B-B919-40F3-BD06-743D00B3395D}.Release|Any CPU.ActiveCfg = Release|Any CPU
		{3391154B-B919-40F3-BD06-743D00B3395D}.Release|Any CPU.Build.0 = Release|Any CPU
		{C4AACDE6-B8BE-4BC5-BB67-7917F02F0B6F}.Debug|Any CPU.ActiveCfg = Debug|Any CPU
		{C4AACDE6-B8BE-4BC5-BB67-7917F02F0B6F}.Debug|Any CPU.Build.0 = Debug|Any CPU
		{C4AACDE6-B8BE-4BC5-BB67-7917F02F0B6F}.Release|Any CPU.ActiveCfg = Release|Any CPU
		{C4AACDE6-B8BE-4BC5-BB67-7917F02F0B6F}.Release|Any CPU.Build.0 = Release|Any CPU
		{FD868722-056B-42BA-A7AB-7F3E2B61F827}.Debug|Any CPU.ActiveCfg = Debug|Any CPU
		{FD868722-056B-42BA-A7AB-7F3E2B61F827}.Debug|Any CPU.Build.0 = Debug|Any CPU
		{FD868722-056B-42BA-A7AB-7F3E2B61F827}.Release|Any CPU.ActiveCfg = Release|Any CPU
		{FD868722-056B-42BA-A7AB-7F3E2B61F827}.Release|Any CPU.Build.0 = Release|Any CPU
		{C42ADB9D-3748-43FA-911B-9207521ADD50}.Debug|Any CPU.ActiveCfg = Debug|Any CPU
		{C42ADB9D-3748-43FA-911B-9207521ADD50}.Debug|Any CPU.Build.0 = Debug|Any CPU
		{C42ADB9D-3748-43FA-911B-9207521ADD50}.Release|Any CPU.ActiveCfg = Release|Any CPU
		{C42ADB9D-3748-43FA-911B-9207521ADD50}.Release|Any CPU.Build.0 = Release|Any CPU
	EndGlobalSection
	GlobalSection(SolutionProperties) = preSolution
		HideSolutionNode = FALSE
	EndGlobalSection
	GlobalSection(ExtensibilityGlobals) = postSolution
		SolutionGuid = {6569E467-0A3B-41CF-B737-AD130637F7FB}
	EndGlobalSection
EndGlobal
