
Microsoft Visual Studio Solution File, Format Version 12.00
# Visual Studio 14
VisualStudioVersion = 14.0.25402.0
MinimumVisualStudioVersion = 10.0.40219.1
Project("{FAE04EC0-301F-11D3-BF4B-00C04F79EFBC}") = "Aspekt", "Aspekt\Aspekt.csproj", "{FD93096A-2A56-4DB9-889C-2E60419D8B85}"
EndProject
Project("{FAE04EC0-301F-11D3-BF4B-00C04F79EFBC}") = "Aspekt.Bootstrap", "Aspekt.Bootstrap\Aspekt.Bootstrap.csproj", "{C85A941D-1AC7-49B9-B30F-2A36716D2AB4}"
EndProject
Project("{FAE04EC0-301F-11D3-BF4B-00C04F79EFBC}") = "Aspekt.Bootstrap.Host", "Aspekt.Bootstrap.Host\Aspekt.Bootstrap.Host.csproj", "{72F01A7B-82EB-4EE3-BE38-89864E8246D4}"
EndProject
Project("{FAE04EC0-301F-11D3-BF4B-00C04F79EFBC}") = "Aspekt.Target", "Aspekt.Target\Aspekt.Target.csproj", "{3D82C1DA-DCAE-4CA0-A4F0-69CDFA5D40F2}"
EndProject
Project("{FAE04EC0-301F-11D3-BF4B-00C04F79EFBC}") = "Aspekt.Test", "Aspekt.Test\Aspekt.Test.csproj", "{0F7031A9-4C0E-4C31-8508-32CDE8C05524}"
EndProject
Project("{2150E333-8FDC-42A3-9474-1A3956D46DE8}") = "Solution Items", "Solution Items", "{5D8BA503-006A-4EA9-B322-215302007764}"
	ProjectSection(SolutionItems) = preProject
		README.md = README.md
	EndProjectSection
EndProject
Project("{FAE04EC0-301F-11D3-BF4B-00C04F79EFBC}") = "Aspekt.Logging", "Aspekt.Logging\Aspekt.Logging.csproj", "{CF7B9122-471C-4981-BAE0-72C147E32666}"
EndProject
Global
	GlobalSection(SolutionConfigurationPlatforms) = preSolution
		Debug|Any CPU = Debug|Any CPU
		Release|Any CPU = Release|Any CPU
	EndGlobalSection
	GlobalSection(ProjectConfigurationPlatforms) = postSolution
		{FD93096A-2A56-4DB9-889C-2E60419D8B85}.Debug|Any CPU.ActiveCfg = Debug|Any CPU
		{FD93096A-2A56-4DB9-889C-2E60419D8B85}.Debug|Any CPU.Build.0 = Debug|Any CPU
		{FD93096A-2A56-4DB9-889C-2E60419D8B85}.Release|Any CPU.ActiveCfg = Release|Any CPU
		{FD93096A-2A56-4DB9-889C-2E60419D8B85}.Release|Any CPU.Build.0 = Release|Any CPU
		{C85A941D-1AC7-49B9-B30F-2A36716D2AB4}.Debug|Any CPU.ActiveCfg = Debug|Any CPU
		{C85A941D-1AC7-49B9-B30F-2A36716D2AB4}.Debug|Any CPU.Build.0 = Debug|Any CPU
		{C85A941D-1AC7-49B9-B30F-2A36716D2AB4}.Release|Any CPU.ActiveCfg = Release|Any CPU
		{C85A941D-1AC7-49B9-B30F-2A36716D2AB4}.Release|Any CPU.Build.0 = Release|Any CPU
		{72F01A7B-82EB-4EE3-BE38-89864E8246D4}.Debug|Any CPU.ActiveCfg = Debug|Any CPU
		{72F01A7B-82EB-4EE3-BE38-89864E8246D4}.Debug|Any CPU.Build.0 = Debug|Any CPU
		{72F01A7B-82EB-4EE3-BE38-89864E8246D4}.Release|Any CPU.ActiveCfg = Release|Any CPU
		{72F01A7B-82EB-4EE3-BE38-89864E8246D4}.Release|Any CPU.Build.0 = Release|Any CPU
		{3D82C1DA-DCAE-4CA0-A4F0-69CDFA5D40F2}.Debug|Any CPU.ActiveCfg = Debug|Any CPU
		{3D82C1DA-DCAE-4CA0-A4F0-69CDFA5D40F2}.Debug|Any CPU.Build.0 = Debug|Any CPU
		{3D82C1DA-DCAE-4CA0-A4F0-69CDFA5D40F2}.Release|Any CPU.ActiveCfg = Release|Any CPU
		{3D82C1DA-DCAE-4CA0-A4F0-69CDFA5D40F2}.Release|Any CPU.Build.0 = Release|Any CPU
		{0F7031A9-4C0E-4C31-8508-32CDE8C05524}.Debug|Any CPU.ActiveCfg = Debug|Any CPU
		{0F7031A9-4C0E-4C31-8508-32CDE8C05524}.Debug|Any CPU.Build.0 = Debug|Any CPU
		{0F7031A9-4C0E-4C31-8508-32CDE8C05524}.Release|Any CPU.ActiveCfg = Release|Any CPU
		{0F7031A9-4C0E-4C31-8508-32CDE8C05524}.Release|Any CPU.Build.0 = Release|Any CPU
		{CF7B9122-471C-4981-BAE0-72C147E32666}.Debug|Any CPU.ActiveCfg = Debug|Any CPU
		{CF7B9122-471C-4981-BAE0-72C147E32666}.Debug|Any CPU.Build.0 = Debug|Any CPU
		{CF7B9122-471C-4981-BAE0-72C147E32666}.Release|Any CPU.ActiveCfg = Release|Any CPU
		{CF7B9122-471C-4981-BAE0-72C147E32666}.Release|Any CPU.Build.0 = Release|Any CPU
	EndGlobalSection
	GlobalSection(SolutionProperties) = preSolution
		HideSolutionNode = FALSE
	EndGlobalSection
EndGlobal
